scrape-properties:
  cmd: scrape-properties data/2021-07-04T11:52:04+09:00/東京都.zip --output-filename
    data/2021-07-04T11:52:04+09:00/東京都.pickle --output-format pickle --jobs 3
  deps:
  - path: ../libs/otokuna
    md5: ff7396a2a482b55cabb9c3bd5172d937.dir
    size: 598931
    nfiles: 20
  - path: data/2021-07-04T11:52:04+09:00/東京都.zip
    md5: dcffdb66cda379cdbe968ce72acec74f
    size: 92033844
  outs:
  - path: data/2021-07-04T11:52:04+09:00/東京都.pickle
    md5: 75872aed390ac5f159a331d9f725a6bb
    size: 68668120
train:
  cmd: ./train.py data/2021-07-04T11:52:04+09:00/東京都.pickle models/regressor
  deps:
  - path: ../libs/otokuna
    md5: ff7396a2a482b55cabb9c3bd5172d937.dir
    size: 598931
    nfiles: 20
  - path: data/2021-07-04T11:52:04+09:00/東京都.pickle
    md5: 75872aed390ac5f159a331d9f725a6bb
    size: 68668120
  - path: train.py
    md5: 58dc602ed741aa04d7250760615de077
    size: 2561
  outs:
  - path: metrics.json
    md5: e38b433994290cca5046ba968d5f36c3
    size: 109
  - path: models/regressor.cbm
    md5: 003e15ef41986f85476d1fe515979e04
    size: 10811328
  - path: models/regressor.onnx
    md5: 7a9ade86e9b2d674f001d861a4ea49fb
    size: 47642322
check-onnx:
  cmd: ./check_onnx.py data/2021-07-04T11:52:04+09:00/東京都.pickle models/regressor.onnx
    models/regressor.cbm
  deps:
  - path: check_onnx.py
    md5: e78c2470b42f036c618f8cd11f90a2ff
    size: 1717
  - path: data/2021-07-04T11:52:04+09:00/東京都.pickle
    md5: 75872aed390ac5f159a331d9f725a6bb
    size: 68668120
  - path: models/regressor.cbm
    md5: 003e15ef41986f85476d1fe515979e04
    size: 10811328
  - path: models/regressor.onnx
    md5: 7a9ade86e9b2d674f001d861a4ea49fb
    size: 47642322
  outs:
  - path: check_onnx.json
    md5: 2dd753e301952e374ce623f1f670eee5
    size: 42
